
Microsoft Visual Studio Solution File, Format Version 12.00
# Visual Studio 15
VisualStudioVersion = 15.0.27004.2008
MinimumVisualStudioVersion = 10.0.40219.1
Project("{FAE04EC0-301F-11D3-BF4B-00C04F79EFBC}") = "ShopDatabase", "ShopDatabase\ShopDatabase.csproj", "{7A5F1694-CCB2-49A4-94F1-DBF32AF94380}"
EndProject
Project("{FAE04EC0-301F-11D3-BF4B-00C04F79EFBC}") = "ShopDatabaseAdvanced", "ShopDatabaseAdvanced\ShopDatabaseAdvanced.csproj", "{47E31C22-6A37-49E9-960A-4F231B0282BD}"
EndProject
Global
	GlobalSection(SolutionConfigurationPlatforms) = preSolution
		Debug|Any CPU = Debug|Any CPU
		Release|Any CPU = Release|Any CPU
	EndGlobalSection
	GlobalSection(ProjectConfigurationPlatforms) = postSolution
		{7A5F1694-CCB2-49A4-94F1-DBF32AF94380}.Debug|Any CPU.ActiveCfg = Debug|Any CPU
		{7A5F1694-CCB2-49A4-94F1-DBF32AF94380}.Debug|Any CPU.Build.0 = Debug|Any CPU
		{7A5F1694-CCB2-49A4-94F1-DBF32AF94380}.Release|Any CPU.ActiveCfg = Release|Any CPU
		{7A5F1694-CCB2-49A4-94F1-DBF32AF94380}.Release|Any CPU.Build.0 = Release|Any CPU
		{47E31C22-6A37-49E9-960A-4F231B0282BD}.Debug|Any CPU.ActiveCfg = Debug|Any CPU
		{47E31C22-6A37-49E9-960A-4F231B0282BD}.Debug|Any CPU.Build.0 = Debug|Any CPU
		{47E31C22-6A37-49E9-960A-4F231B0282BD}.Release|Any CPU.ActiveCfg = Release|Any CPU
		{47E31C22-6A37-49E9-960A-4F231B0282BD}.Release|Any CPU.Build.0 = Release|Any CPU
	EndGlobalSection
	GlobalSection(SolutionProperties) = preSolution
		HideSolutionNode = FALSE
	EndGlobalSection
	GlobalSection(ExtensibilityGlobals) = postSolution
		SolutionGuid = {F5F4B9DF-51CE-4319-82ED-AB969096A2CF}
	EndGlobalSection
EndGlobal
